
Microsoft Visual Studio Solution File, Format Version 12.00
Project("{FAE04EC0-301F-11D3-BF4B-00C04F79EFBC}") = "Bluepay", "Bluepay\Bluepay.csproj", "{DA022E1F-B066-4F20-9C87-2A22BCA07BB6}"
EndProject
Project("{FAE04EC0-301F-11D3-BF4B-00C04F79EFBC}") = "UnitTests", "UnitTests\UnitTests.csproj", "{1BE3D455-FE7F-4648-8EC2-A96E33CEADC1}"
EndProject
Global
	GlobalSection(SolutionConfigurationPlatforms) = preSolution
		Debug|Any CPU = Debug|Any CPU
		Release|Any CPU = Release|Any CPU
	EndGlobalSection
	GlobalSection(ProjectConfigurationPlatforms) = postSolution
		{DA022E1F-B066-4F20-9C87-2A22BCA07BB6}.Debug|Any CPU.ActiveCfg = Debug|Any CPU
		{DA022E1F-B066-4F20-9C87-2A22BCA07BB6}.Debug|Any CPU.Build.0 = Debug|Any CPU
		{DA022E1F-B066-4F20-9C87-2A22BCA07BB6}.Release|Any CPU.ActiveCfg = Release|Any CPU
		{DA022E1F-B066-4F20-9C87-2A22BCA07BB6}.Release|Any CPU.Build.0 = Release|Any CPU
		{1BE3D455-FE7F-4648-8EC2-A96E33CEADC1}.Debug|Any CPU.ActiveCfg = Debug|Any CPU
		{1BE3D455-FE7F-4648-8EC2-A96E33CEADC1}.Debug|Any CPU.Build.0 = Debug|Any CPU
		{1BE3D455-FE7F-4648-8EC2-A96E33CEADC1}.Release|Any CPU.ActiveCfg = Release|Any CPU
		{1BE3D455-FE7F-4648-8EC2-A96E33CEADC1}.Release|Any CPU.Build.0 = Release|Any CPU
	EndGlobalSection
EndGlobal
